
Microsoft Visual Studio Solution File, Format Version 12.00
# Visual Studio Version 17
VisualStudioVersion = 17.2.32616.157
MinimumVisualStudioVersion = 10.0.40219.1
Project("{FAE04EC0-301F-11D3-BF4B-00C04F79EFBC}") = "Git-Grupp", "Git-Grupp\Git-Grupp.csproj", "{B7818154-5EF2-4984-9243-7331D2582476}"
EndProject
Global
	GlobalSection(SolutionConfigurationPlatforms) = preSolution
		Debug|Any CPU = Debug|Any CPU
		Release|Any CPU = Release|Any CPU
	EndGlobalSection
	GlobalSection(ProjectConfigurationPlatforms) = postSolution
		{B7818154-5EF2-4984-9243-7331D2582476}.Debug|Any CPU.ActiveCfg = Debug|Any CPU
		{B7818154-5EF2-4984-9243-7331D2582476}.Debug|Any CPU.Build.0 = Debug|Any CPU
		{B7818154-5EF2-4984-9243-7331D2582476}.Release|Any CPU.ActiveCfg = Release|Any CPU
		{B7818154-5EF2-4984-9243-7331D2582476}.Release|Any CPU.Build.0 = Release|Any CPU
	EndGlobalSection
	GlobalSection(SolutionProperties) = preSolution
		HideSolutionNode = FALSE
	EndGlobalSection
	GlobalSection(ExtensibilityGlobals) = postSolution
		SolutionGuid = {59625336-6078-406D-8DB6-BCB4FA49AA30}
	EndGlobalSection
EndGlobal
